# THIS IS AN AUTOGENERATED FILE. DO NOT EDIT THIS FILE DIRECTLY.
# yarn lockfile v1


"@types/aws-lambda@^8.10.81":
  version "8.10.93"
  resolved "https://registry.npmjs.org/@types/aws-lambda/-/aws-lambda-8.10.93.tgz"
  integrity sha512-Vsyi9ogDAY3REZDjYnXMRJJa62SDvxHXxJI5nGDQdZW058dDE+av/anynN2rLKbCKXDRNw3D/sQmqxVflZFi4A==

"@types/busboy@^1.5.0":
  version "1.5.0"
  resolved "https://registry.npmjs.org/@types/busboy/-/busboy-1.5.0.tgz"
  integrity sha512-ncOOhwmyFDW76c/Tuvv9MA9VGYUCn8blzyWmzYELcNGDb0WXWLSmFi7hJq25YdRBYJrmMBB5jZZwUjlJe9HCjQ==
  dependencies:
    "@types/node" "*"

"@types/node@*", "@types/node@>=8.1.0", "@types/node@^16.4.3":
  version "16.11.26"
  resolved "https://registry.npmjs.org/@types/node/-/node-16.11.26.tgz"
  integrity sha512-GZ7bu5A6+4DtG7q9GsoHXy3ALcgeIHP4NnL0Vv2wu0uUB/yQex26v0tf6/na1mm0+bS9Uw+0DFex7aaKr2qawQ==

"@types/uuid@^8.3.4":
  version "8.3.4"
  resolved "https://registry.npmjs.org/@types/uuid/-/uuid-8.3.4.tgz"
  integrity sha512-c/I8ZRb51j+pYGAu5CrFMRxqZ2ke4y2grEBO5AUjgSkSk+qT2Ea+OdWElz/OiMf5MNpn2b17kuVBwZLQJXzihw==

argparse@^1.0.7:
  version "1.0.10"
  resolved "https://registry.npmjs.org/argparse/-/argparse-1.0.10.tgz"
  integrity sha512-o5Roy6tNG4SL/FOkCAN6RzjiakZS25RLYFrcMttJqbdd8BWrnA+fGz57iN5Pb06pvBGvl5gQ0B48dJlslXvoTg==
  dependencies:
    sprintf-js "~1.0.2"

asynckit@^0.4.0:
  version "0.4.0"
  resolved "https://registry.npmjs.org/asynckit/-/asynckit-0.4.0.tgz"
  integrity sha512-Oei9OH4tRh0YqU3GxhX79dM/mwVgvbZJaSNaRk+bshkj0S5cfHcgYakreBjrHwatXKbz+IoIdYLxrKim2MjW0Q==

aws-lambda@^1.0.6:
  version "1.0.7"
  resolved "https://registry.npmjs.org/aws-lambda/-/aws-lambda-1.0.7.tgz"
  integrity sha512-9GNFMRrEMG5y3Jvv+V4azWvc+qNWdWLTjDdhf/zgMlz8haaaLWv0xeAIWxz9PuWUBawsVxy0zZotjCdR3Xq+2w==
  dependencies:
    aws-sdk "^2.814.0"
    commander "^3.0.2"
    js-yaml "^3.14.1"
    watchpack "^2.0.0-beta.10"

aws-sdk@^2.814.0, aws-sdk@^2.953.0:
  version "2.1107.0"
  resolved "https://registry.npmjs.org/aws-sdk/-/aws-sdk-2.1107.0.tgz"
  integrity sha512-gZaCm+zSSwjUYSa/cVg63uXhq5w9coT9yA8aTDOYzFkyl19b9H2CCixPeyf7KHtZdGwe3QAG2Oe6Rw0xtoCs+Q==
  dependencies:
    buffer "4.9.2"
    events "1.1.1"
    ieee754 "1.1.13"
    jmespath "0.16.0"
    querystring "0.2.0"
    sax "1.2.1"
    url "0.10.3"
    uuid "3.3.2"
    xml2js "0.4.19"

axios@^1.2.5:
  version "1.2.5"
  resolved "https://registry.npmjs.org/axios/-/axios-1.2.5.tgz"
  integrity sha512-9pU/8mmjSSOb4CXVsvGIevN+MlO/t9OWtKadTaLuN85Gge3HGorUckgp8A/2FH4V4hJ7JuQ3LIeI7KAV9ITZrQ==
  dependencies:
    follow-redirects "^1.15.0"
    form-data "^4.0.0"
    proxy-from-env "^1.1.0"

base64-js@^1.0.2:
  version "1.5.1"
  resolved "https://registry.npmjs.org/base64-js/-/base64-js-1.5.1.tgz"
  integrity sha512-AKpaYlHn8t4SVbOHCy+b5+KKgvR4vrsD8vbvrbiQJps7fKDTkjkDry6ji0rUJjC0kzbNePLwzxq8iypo41qeWA==

buffer@4.9.2:
  version "4.9.2"
  resolved "https://registry.npmjs.org/buffer/-/buffer-4.9.2.tgz"
  integrity sha512-xq+q3SRMOxGivLhBNaUdC64hDTQwejJ+H0T/NB1XMtTVEwNTrfFF3gAxiyW0Bu/xWEGhjVKgUcMhCrUy2+uCWg==
  dependencies:
    base64-js "^1.0.2"
    ieee754 "^1.1.4"
    isarray "^1.0.0"

busboy@^1.6.0:
  version "1.6.0"
  resolved "https://registry.npmjs.org/busboy/-/busboy-1.6.0.tgz"
  integrity sha512-8SFQbg/0hQ9xy3UNTB0YEnsNBbWfhf7RtnzpL7TkBiTBRfrQ9Fxcnz7VJsleJpyp6rVLvXiuORqjlHi5q+PYuA==
  dependencies:
    streamsearch "^1.1.0"

call-bind@^1.0.0:
  version "1.0.2"
  resolved "https://registry.npmjs.org/call-bind/-/call-bind-1.0.2.tgz"
  integrity sha512-7O+FbCihrB5WGbFYesctwmTKae6rOiIzmz1icreWJ+0aA7LJfuqhEso2T9ncpcFtzMQtzXf2QGGueWJGTYsqrA==
  dependencies:
    function-bind "^1.1.1"
    get-intrinsic "^1.0.2"

combined-stream@^1.0.8:
  version "1.0.8"
  resolved "https://registry.npmjs.org/combined-stream/-/combined-stream-1.0.8.tgz"
  integrity sha512-FQN4MRfuJeHf7cBbBMJFXhKSDq+2kAArBlmRBvcvFE5BB1HZKXtSFASDhdlz9zOYwxh8lDdnvmMOe/+5cdoEdg==
  dependencies:
    delayed-stream "~1.0.0"

commander@^3.0.2:
  version "3.0.2"
  resolved "https://registry.npmjs.org/commander/-/commander-3.0.2.tgz"
  integrity sha512-Gar0ASD4BDyKC4hl4DwHqDrmvjoxWKZigVnAbn5H1owvm4CxCPdb0HQDehwNYMJpla5+M2tPmPARzhtYuwpHow==

crypto@^1.0.1:
  version "1.0.1"
  resolved "https://registry.npmjs.org/crypto/-/crypto-1.0.1.tgz"
  integrity sha512-VxBKmeNcqQdiUQUW2Tzq0t377b54N2bMtXO/qiLa+6eRRmmC4qT3D4OnTGoT/U6O9aklQ/jTwbOtRMTTY8G0Ig==

delayed-stream@~1.0.0:
  version "1.0.0"
  resolved "https://registry.npmjs.org/delayed-stream/-/delayed-stream-1.0.0.tgz"
  integrity sha512-ZySD7Nf91aLB0RxL4KGrKHBXl7Eds1DAmEdcoVawXnLD7SDhpNgtuII2aAkg7a7QS41jxPSZ17p4VdGnMHk3MQ==

esprima@^4.0.0:
  version "4.0.1"
  resolved "https://registry.npmjs.org/esprima/-/esprima-4.0.1.tgz"
  integrity sha512-eGuFFw7Upda+g4p+QHvnW0RyTX/SVeJBDM/gCtMARO0cLuT2HcEKnTPvhjV6aGeqrCB/sbNop0Kszm0jsaWU4A==

events@1.1.1:
  version "1.1.1"
  resolved "https://registry.npmjs.org/events/-/events-1.1.1.tgz"
  integrity sha1-nr23Y1rQmccNzEwqH1AEKI6L2SQ=

follow-redirects@^1.15.0:
  version "1.15.2"
  resolved "https://registry.npmjs.org/follow-redirects/-/follow-redirects-1.15.2.tgz"
  integrity sha512-VQLG33o04KaQ8uYi2tVNbdrWp1QWxNNea+nmIB4EVM28v0hmP17z7aG1+wAkNzVq4KeXTq3221ye5qTJP91JwA==

form-data@^4.0.0:
  version "4.0.0"
  resolved "https://registry.npmjs.org/form-data/-/form-data-4.0.0.tgz"
  integrity sha512-ETEklSGi5t0QMZuiXoA/Q6vcnxcLQP5vdugSpuAyi6SVGi2clPPp+xgEhuMaHC+zGgn31Kd235W35f7Hykkaww==
  dependencies:
    asynckit "^0.4.0"
    combined-stream "^1.0.8"
    mime-types "^2.1.12"

function-bind@^1.1.1:
  version "1.1.1"
  resolved "https://registry.npmjs.org/function-bind/-/function-bind-1.1.1.tgz"
  integrity sha512-yIovAzMX49sF8Yl58fSCWJ5svSLuaibPxXQJFLmBObTuCr0Mf1KiPopGM9NiFjiYBCbfaa2Fh6breQ6ANVTI0A==

get-intrinsic@^1.0.2:
  version "1.2.0"
  resolved "https://registry.npmjs.org/get-intrinsic/-/get-intrinsic-1.2.0.tgz"
  integrity sha512-L049y6nFOuom5wGyRc3/gdTLO94dySVKRACj1RmJZBQXlbTMhtNIgkWkUHq+jYmZvKf14EW1EoJnnjbmoHij0Q==
  dependencies:
    function-bind "^1.1.1"
    has "^1.0.3"
    has-symbols "^1.0.3"

glob-to-regexp@^0.4.1:
  version "0.4.1"
  resolved "https://registry.npmjs.org/glob-to-regexp/-/glob-to-regexp-0.4.1.tgz"
  integrity sha512-lkX1HJXwyMcprw/5YUZc2s7DrpAiHB21/V+E1rHUrVNokkvB6bqMzT0VfV6/86ZNabt1k14YOIaT7nDvOX3Iiw==

graceful-fs@^4.1.2:
  version "4.2.10"
  resolved "https://registry.npmjs.org/graceful-fs/-/graceful-fs-4.2.10.tgz"
  integrity sha512-9ByhssR2fPVsNZj478qUUbKfmL0+t5BDVyjShtyZZLiK7ZDAArFFfopyOTj0M05wE2tJPisA4iTnnXl2YoPvOA==

has-symbols@^1.0.3:
  version "1.0.3"
  resolved "https://registry.npmjs.org/has-symbols/-/has-symbols-1.0.3.tgz"
  integrity sha512-l3LCuF6MgDNwTDKkdYGEihYjt5pRPbEg46rtlmnSPlUbgmB8LOIrKJbYYFBSbnPaJexMKtiPO8hmeRjRz2Td+A==

has@^1.0.3:
  version "1.0.3"
  resolved "https://registry.npmjs.org/has/-/has-1.0.3.tgz"
  integrity sha512-f2dvO0VU6Oej7RkWJGrehjbzMAjFp5/VKPp5tTpWIV4JHHZK1/BxbFRtf/siA2SWTe09caDmVtYYzWEIbBS4zw==
  dependencies:
    function-bind "^1.1.1"

ieee754@1.1.13, ieee754@^1.1.4:
  version "1.1.13"
  resolved "https://registry.npmjs.org/ieee754/-/ieee754-1.1.13.tgz"
  integrity sha512-4vf7I2LYV/HaWerSo3XmlMkp5eZ83i+/CDluXi/IGTs/O1sejBNhTtnxzmRZfvOUqj7lZjqHkeTvpgSFDlWZTg==

isarray@^1.0.0:
  version "1.0.0"
  resolved "https://registry.npmjs.org/isarray/-/isarray-1.0.0.tgz"
  integrity sha1-u5NdSFgsuhaMBoNJV6VKPgcSTxE=

jmespath@0.16.0:
  version "0.16.0"
  resolved "https://registry.npmjs.org/jmespath/-/jmespath-0.16.0.tgz"
  integrity sha512-9FzQjJ7MATs1tSpnco1K6ayiYE3figslrXA72G2HQ/n76RzvYlofyi5QM+iX4YRs/pu3yzxlVQSST23+dMDknw==

js-yaml@^3.14.1:
  version "3.14.1"
  resolved "https://registry.npmjs.org/js-yaml/-/js-yaml-3.14.1.tgz"
  integrity sha512-okMH7OXXJ7YrN9Ok3/SXrnu4iX9yOk+25nqX4imS2npuvTYDmo/QEZoqwZkYaIDk3jVvBOTOIEgEhaLOynBS9g==
  dependencies:
    argparse "^1.0.7"
    esprima "^4.0.0"

mime-db@1.52.0:
  version "1.52.0"
  resolved "https://registry.npmjs.org/mime-db/-/mime-db-1.52.0.tgz"
  integrity sha512-sPU4uV7dYlvtWJxwwxHD0PuihVNiE7TyAbQ5SWxDCB9mUYvOgroQOwYQQOKPJ8CIbE+1ETVlOoK1UC2nU3gYvg==

mime-types@^2.1.12:
  version "2.1.35"
  resolved "https://registry.npmjs.org/mime-types/-/mime-types-2.1.35.tgz"
  integrity sha512-ZDY+bPm5zTTF+YpCrAU9nK0UgICYPT0QtT1NZWFv4s++TNkcgVaT0g6+4R2uI4MjQjzysHB1zxuWL50hzaeXiw==
  dependencies:
    mime-db "1.52.0"

object-inspect@^1.9.0:
  version "1.12.3"
  resolved "https://registry.npmjs.org/object-inspect/-/object-inspect-1.12.3.tgz"
  integrity sha512-geUvdk7c+eizMNUDkRpW1wJwgfOiOeHbxBR/hLXK1aT6zmVSO0jsQcs7fj6MGw89jC/cjGfLcNOrtMYtGqm81g==

prettier@^2.3.2:
  version "2.6.2"
  resolved "https://registry.npmjs.org/prettier/-/prettier-2.6.2.tgz"
  integrity sha512-PkUpF+qoXTqhOeWL9fu7As8LXsIUZ1WYaJiY/a7McAQzxjk82OF0tibkFXVCDImZtWxbvojFjerkiLb0/q8mew==

proxy-from-env@^1.1.0:
  version "1.1.0"
  resolved "https://registry.npmjs.org/proxy-from-env/-/proxy-from-env-1.1.0.tgz"
  integrity sha512-D+zkORCbA9f1tdWRK0RaCR3GPv50cMxcrz4X8k5LTSUD1Dkw47mKJEZQNunItRTkWwgtaUSo1RVFRIG9ZXiFYg==

punycode@1.3.2:
  version "1.3.2"
  resolved "https://registry.npmjs.org/punycode/-/punycode-1.3.2.tgz"
  integrity sha1-llOgNvt8HuQjQvIyXM7v6jkmxI0=

qs@^6.11.0:
  version "6.11.1"
  resolved "https://registry.npmjs.org/qs/-/qs-6.11.1.tgz"
  integrity sha512-0wsrzgTz/kAVIeuxSjnpGC56rzYtr6JT/2BwEvMaPhFIoYa1aGO8LbzuU1R0uUYQkLpWBTOj0l/CLAJB64J6nQ==
  dependencies:
    side-channel "^1.0.4"

querystring@0.2.0:
  version "0.2.0"
  resolved "https://registry.npmjs.org/querystring/-/querystring-0.2.0.tgz"
  integrity sha512-X/xY82scca2tau62i9mDyU9K+I+djTMUsvwf7xnUX5GLvVzgJybOJf4Y6o9Zx3oJK/LSXg5tTZBjwzqVPaPO2g==

querystring@^0.2.1:
  version "0.2.1"
  resolved "https://registry.npmjs.org/querystring/-/querystring-0.2.1.tgz"
  integrity sha512-wkvS7mL/JMugcup3/rMitHmd9ecIGd2lhFhK9N3UUQ450h66d1r3Y9nvXzQAW1Lq+wyx61k/1pfKS5KuKiyEbg==

sax@1.2.1, sax@>=0.6.0:
  version "1.2.1"
  resolved "https://registry.npmjs.org/sax/-/sax-1.2.1.tgz"
  integrity sha1-e45lYZCyKOgaZq6nSEgNgozS03o=

side-channel@^1.0.4:
  version "1.0.4"
  resolved "https://registry.npmjs.org/side-channel/-/side-channel-1.0.4.tgz"
  integrity sha512-q5XPytqFEIKHkGdiMIrY10mvLRvnQh42/+GoBlFW3b2LXLE2xxJpZFdm94we0BaoV3RwJyGqg5wS7epxTv0Zvw==
  dependencies:
    call-bind "^1.0.0"
    get-intrinsic "^1.0.2"
    object-inspect "^1.9.0"

sprintf-js@~1.0.2:
  version "1.0.3"
  resolved "https://registry.npmjs.org/sprintf-js/-/sprintf-js-1.0.3.tgz"
  integrity sha1-BOaSb2YolTVPPdAVIDYzuFcpfiw=

streamsearch@^1.1.0:
  version "1.1.0"
  resolved "https://registry.npmjs.org/streamsearch/-/streamsearch-1.1.0.tgz"
  integrity sha512-Mcc5wHehp9aXz1ax6bZUyY5afg9u2rv5cqQI3mRrYkGC8rW2hM02jWuwjtL++LS5qinSyhj2QfLyNsuc+VsExg==

stripe@^12.2.0:
  version "12.3.0"
  resolved "https://registry.npmjs.org/stripe/-/stripe-12.3.0.tgz"
  integrity sha512-B9Q1b0gbKY/Z4fQc1Y82VpHTFLh8A67D6kdcFtgpGfTovVkI7SamE66vmVaWNHgcUjPqI8x6wVvksdRf/ucTDw==
  dependencies:
    "@types/node" ">=8.1.0"
    qs "^6.11.0"

typescript@^4.3.5:
  version "4.6.3"
  resolved "https://registry.npmjs.org/typescript/-/typescript-4.6.3.tgz"
  integrity sha512-yNIatDa5iaofVozS/uQJEl3JRWLKKGJKh6Yaiv0GLGSuhpFJe7P3SbHZ8/yjAHRQwKRoA6YZqlfjXWmVzoVSMw==

url@0.10.3:
  version "0.10.3"
  resolved "https://registry.npmjs.org/url/-/url-0.10.3.tgz"
  integrity sha1-Ah5NnHcF8hu/N9A861h2dAJ3TGQ=
  dependencies:
    punycode "1.3.2"
    querystring "0.2.0"

uuid@3.3.2:
  version "3.3.2"
  resolved "https://registry.npmjs.org/uuid/-/uuid-3.3.2.tgz"
  integrity sha512-yXJmeNaw3DnnKAOKJE51sL/ZaYfWJRl1pK9dr19YFCu0ObS231AB1/LbqTKRAQ5kw8A90rA6fr4riOUpTZvQZA==

uuid@^8.3.2:
  version "8.3.2"
  resolved "https://registry.npmjs.org/uuid/-/uuid-8.3.2.tgz"
  integrity sha512-+NYs2QeMWy+GWFOEm9xnn6HCDp0l7QBD7ml8zLUmJ+93Q5NF0NocErnwkTkXVFNiX3/fpC6afS8Dhb/gz7R7eg==

watchpack@^2.0.0-beta.10:
  version "2.3.1"
  resolved "https://registry.npmjs.org/watchpack/-/watchpack-2.3.1.tgz"
  integrity sha512-x0t0JuydIo8qCNctdDrn1OzH/qDzk2+rdCOC3YzumZ42fiMqmQ7T3xQurykYMhYfHaPHTp4ZxAx2NfUo1K6QaA==
  dependencies:
    glob-to-regexp "^0.4.1"
    graceful-fs "^4.1.2"

xml2js@0.4.19:
  version "0.4.19"
  resolved "https://registry.npmjs.org/xml2js/-/xml2js-0.4.19.tgz"
  integrity sha512-esZnJZJOiJR9wWKMyuvSE1y6Dq5LCuJanqhxslH2bxM6duahNZ+HMpCLhBQGZkbX6xRf8x1Y2eJlgt2q3qo49Q==
  dependencies:
    sax ">=0.6.0"
    xmlbuilder "~9.0.1"

xmlbuilder@~9.0.1:
  version "9.0.7"
  resolved "https://registry.npmjs.org/xmlbuilder/-/xmlbuilder-9.0.7.tgz"
  integrity sha1-Ey7mPS7FVlxVfiD0wi35rKaGsQ0=

zod@^3.21.4:
  version "3.21.4"
  resolved "https://registry.yarnpkg.com/zod/-/zod-3.21.4.tgz#10882231d992519f0a10b5dd58a38c9dabbb64db"
  integrity sha512-m46AKbrzKVzOzs/DZgVnG5H55N1sv1M8qZU3A8RIKbs3mrACDNeIOeilDymVb2HdmP8uwshOCF4uJ8uM9rCqJw==
